{
  "name": "@audio/synth",
  "version": "1.2.1",
  "lockfileVersion": 3,
  "requires": true,
  "packages": {
    "": {
      "name": "@audio/synth",
      "version": "1.2.1",
      "license": "MIT",
      "workspaces": [
        "packages/*"
      ],
      "dependencies": {
        "@audio/synth-chirp": "^1.0.0",
        "@audio/synth-drum": "^2.0.0",
        "@audio/synth-dtmf": "^1.0.0",
        "@audio/synth-envelope": "^1.0.0",
        "@audio/synth-fm": "^0.2.0",
        "@audio/synth-lfo": "^1.0.0",
        "@audio/synth-modal": "^0.2.0",
        "@audio/synth-noise": "^2.0.0",
        "@audio/synth-osc": "^1.0.0",
        "@audio/synth-pluck": "^1.0.0",
        "@audio/synth-poly": "^1.2.0",
        "@audio/synth-rhythm": "^1.0.0",
        "@audio/synth-risset": "^1.0.0",
        "@audio/synth-sfx": "^1.0.0",
        "@audio/synth-voice": "^1.0.0",
        "@audio/synth-wavetable": "^1.0.0"
      },
      "devDependencies": {
        "fourier-transform": "^2.2.0",
        "tst": "^9.4.0"
      },
      "engines": {
        "node": ">=18"
      },
      "funding": {
        "url": "https://github.com/sponsors/audiojs"
      }
    },
    "node_modules/@audio/note": {
      "version": "1.0.0",
      "resolved": "https://registry.npmjs.org/@audio/note/-/note-1.0.0.tgz",
      "integrity": "sha512-oLn0eM9/+ZdAG9sgkrJa5LcK9rH38ZQnaAE2PoVDaYgUAmY1Fh9/e4xuu/vEa8cn+4rC7pdsrwaqI7fWNqgWug==",
      "license": "MIT",
      "engines": {
        "node": ">=18"
      }
    },
    "node_modules/@audio/synth-chirp": {
      "resolved": "packages/synth-chirp",
      "link": true
    },
    "node_modules/@audio/synth-drum": {
      "resolved": "packages/synth-drum",
      "link": true
    },
    "node_modules/@audio/synth-dtmf": {
      "resolved": "packages/synth-dtmf",
      "link": true
    },
    "node_modules/@audio/synth-envelope": {
      "resolved": "packages/synth-envelope",
      "link": true
    },
    "node_modules/@audio/synth-fm": {
      "resolved": "packages/synth-fm",
      "link": true
    },
    "node_modules/@audio/synth-lfo": {
      "resolved": "packages/synth-lfo",
      "link": true
    },
    "node_modules/@audio/synth-modal": {
      "resolved": "packages/synth-modal",
      "link": true
    },
    "node_modules/@audio/synth-noise": {
      "resolved": "packages/synth-noise",
      "link": true
    },
    "node_modules/@audio/synth-osc": {
      "resolved": "packages/synth-osc",
      "link": true
    },
    "node_modules/@audio/synth-pluck": {
      "resolved": "packages/synth-pluck",
      "link": true
    },
    "node_modules/@audio/synth-poly": {
      "resolved": "packages/synth-poly",
      "link": true
    },
    "node_modules/@audio/synth-rhythm": {
      "resolved": "packages/synth-rhythm",
      "link": true
    },
    "node_modules/@audio/synth-risset": {
      "resolved": "packages/synth-risset",
      "link": true
    },
    "node_modules/@audio/synth-sfx": {
      "resolved": "packages/synth-sfx",
      "link": true
    },
    "node_modules/@audio/synth-voice": {
      "resolved": "packages/synth-voice",
      "link": true
    },
    "node_modules/@audio/synth-wavetable": {
      "resolved": "packages/synth-wavetable",
      "link": true
    },
    "node_modules/fourier-transform": {
      "version": "2.4.0",
      "resolved": "https://registry.npmjs.org/fourier-transform/-/fourier-transform-2.4.0.tgz",
      "integrity": "sha512-B7pQ7faDJGPJcFy08OtSlbr5wkMr9eVDZOHg8q2wBDCVOpVrO5+lTcPGobx+XxdG3G9vAV57jehcChaAqrDlew==",
      "dev": true,
      "license": "MIT"
    },
    "node_modules/periodic-function": {
      "version": "2.1.1",
      "resolved": "https://registry.npmjs.org/periodic-function/-/periodic-function-2.1.1.tgz",
      "integrity": "sha512-sO1ZJ09R3j8Kk/MJJVOuZgsF+PdGaI1W+pVpTlHuyP+ZJs9vrwN5Ovr8t2kLXD+4ylGd8W8rtmLz0mC5OFzPYA==",
      "license": "MIT"
    },
    "node_modules/tst": {
      "version": "9.4.0",
      "resolved": "https://registry.npmjs.org/tst/-/tst-9.4.0.tgz",
      "integrity": "sha512-LFC1yasMqhvL9hBJdA07nozlfS1RGy/7uiBCwRZcQH9zB4+n7XpxwYszzK//WQ2JVOLAUgU3d8ABEcrFLZE0vg==",
      "dev": true,
      "license": "MIT"
    },
    "packages/synth-chirp": {
      "name": "@audio/synth-chirp",
      "version": "1.1.3",
      "license": "MIT",
      "engines": {
        "node": ">=18"
      },
      "funding": {
        "url": "https://github.com/sponsors/audiojs"
      }
    },
    "packages/synth-drum": {
      "name": "@audio/synth-drum",
      "version": "2.0.1",
      "license": "MIT",
      "engines": {
        "node": ">=18"
      },
      "funding": {
        "url": "https://github.com/sponsors/audiojs"
      }
    },
    "packages/synth-dtmf": {
      "name": "@audio/synth-dtmf",
      "version": "1.0.1",
      "license": "MIT",
      "engines": {
        "node": ">=18"
      },
      "funding": {
        "url": "https://github.com/sponsors/audiojs"
      }
    },
    "packages/synth-envelope": {
      "name": "@audio/synth-envelope",
      "version": "1.1.3",
      "license": "MIT",
      "engines": {
        "node": ">=18"
      },
      "funding": {
        "url": "https://github.com/sponsors/audiojs"
      }
    },
    "packages/synth-fm": {
      "name": "@audio/synth-fm",
      "version": "0.2.1",
      "license": "MIT",
      "engines": {
        "node": ">=18"
      },
      "funding": {
        "url": "https://github.com/sponsors/audiojs"
      }
    },
    "packages/synth-lfo": {
      "name": "@audio/synth-lfo",
      "version": "1.0.1",
      "license": "MIT",
      "engines": {
        "node": ">=18"
      },
      "funding": {
        "url": "https://github.com/sponsors/audiojs"
      }
    },
    "packages/synth-modal": {
      "name": "@audio/synth-modal",
      "version": "0.2.1",
      "license": "MIT",
      "engines": {
        "node": ">=18"
      },
      "funding": {
        "url": "https://github.com/sponsors/audiojs"
      }
    },
    "packages/synth-noise": {
      "name": "@audio/synth-noise",
      "version": "2.0.1",
      "license": "MIT",
      "engines": {
        "node": ">=18"
      },
      "funding": {
        "url": "https://github.com/sponsors/audiojs"
      }
    },
    "packages/synth-osc": {
      "name": "@audio/synth-osc",
      "version": "1.0.4",
      "license": "MIT",
      "dependencies": {
        "periodic-function": "^2.1.0"
      },
      "engines": {
        "node": ">=18"
      },
      "funding": {
        "url": "https://github.com/sponsors/audiojs"
      }
    },
    "packages/synth-pluck": {
      "name": "@audio/synth-pluck",
      "version": "1.1.3",
      "license": "MIT",
      "engines": {
        "node": ">=18"
      },
      "funding": {
        "url": "https://github.com/sponsors/audiojs"
      }
    },
    "packages/synth-poly": {
      "name": "@audio/synth-poly",
      "version": "1.2.1",
      "license": "MIT",
      "dependencies": {
        "@audio/note": "^1.0.0",
        "@audio/synth-voice": "^1.1.0"
      },
      "engines": {
        "node": ">=18"
      },
      "funding": {
        "url": "https://github.com/sponsors/audiojs"
      }
    },
    "packages/synth-rhythm": {
      "name": "@audio/synth-rhythm",
      "version": "1.1.3",
      "license": "MIT",
      "engines": {
        "node": ">=18"
      },
      "funding": {
        "url": "https://github.com/sponsors/audiojs"
      }
    },
    "packages/synth-risset": {
      "name": "@audio/synth-risset",
      "version": "1.1.3",
      "license": "MIT",
      "engines": {
        "node": ">=18"
      },
      "funding": {
        "url": "https://github.com/sponsors/audiojs"
      }
    },
    "packages/synth-sfx": {
      "name": "@audio/synth-sfx",
      "version": "1.1.3",
      "license": "MIT",
      "engines": {
        "node": ">=18"
      },
      "funding": {
        "url": "https://github.com/sponsors/audiojs"
      }
    },
    "packages/synth-voice": {
      "name": "@audio/synth-voice",
      "version": "1.1.3",
      "license": "MIT",
      "dependencies": {
        "@audio/note": "^1.0.0",
        "@audio/synth-envelope": "^1.0.0",
        "@audio/synth-osc": "^1.0.0"
      },
      "engines": {
        "node": ">=18"
      },
      "funding": {
        "url": "https://github.com/sponsors/audiojs"
      }
    },
    "packages/synth-wavetable": {
      "name": "@audio/synth-wavetable",
      "version": "1.0.1",
      "license": "MIT",
      "engines": {
        "node": ">=18"
      },
      "funding": {
        "url": "https://github.com/sponsors/audiojs"
      }
    }
  }
}
