{
  "name": "@audio/synth",
  "version": "1.1.0",
  "lockfileVersion": 3,
  "requires": true,
  "packages": {
    "": {
      "name": "@audio/synth",
      "version": "1.1.0",
      "license": "MIT",
      "workspaces": [
        "packages/*"
      ],
      "dependencies": {
        "@audio/synth-chirp": "^1.0.0",
        "@audio/synth-drum": "^1.0.0",
        "@audio/synth-dtmf": "^1.0.0",
        "@audio/synth-envelope": "^1.0.0",
        "@audio/synth-fm": "^0.1.0",
        "@audio/synth-lfo": "^1.0.0",
        "@audio/synth-modal": "^0.1.0",
        "@audio/synth-noise": "^1.0.0",
        "@audio/synth-osc": "^1.0.0",
        "@audio/synth-pluck": "^1.0.0",
        "@audio/synth-poly": "^1.0.0",
        "@audio/synth-rhythm": "^1.0.0",
        "@audio/synth-risset": "^1.0.0",
        "@audio/synth-sfx": "^1.0.0",
        "@audio/synth-voice": "^1.0.0",
        "@audio/synth-wavetable": "^1.0.0"
      },
      "devDependencies": {
        "fourier-transform": "^2.2.0",
        "tst": "^9.4.0"
      },
      "engines": {
        "node": ">=18"
      }
    },
    "node_modules/@audio/synth-chirp": {
      "resolved": "packages/synth-chirp",
      "link": true
    },
    "node_modules/@audio/synth-drum": {
      "resolved": "packages/synth-drum",
      "link": true
    },
    "node_modules/@audio/synth-dtmf": {
      "resolved": "packages/synth-dtmf",
      "link": true
    },
    "node_modules/@audio/synth-envelope": {
      "resolved": "packages/synth-envelope",
      "link": true
    },
    "node_modules/@audio/synth-fm": {
      "resolved": "packages/synth-fm",
      "link": true
    },
    "node_modules/@audio/synth-lfo": {
      "resolved": "packages/synth-lfo",
      "link": true
    },
    "node_modules/@audio/synth-modal": {
      "resolved": "packages/synth-modal",
      "link": true
    },
    "node_modules/@audio/synth-noise": {
      "resolved": "packages/synth-noise",
      "link": true
    },
    "node_modules/@audio/synth-osc": {
      "resolved": "packages/synth-osc",
      "link": true
    },
    "node_modules/@audio/synth-pluck": {
      "resolved": "packages/synth-pluck",
      "link": true
    },
    "node_modules/@audio/synth-poly": {
      "resolved": "packages/synth-poly",
      "link": true
    },
    "node_modules/@audio/synth-rhythm": {
      "resolved": "packages/synth-rhythm",
      "link": true
    },
    "node_modules/@audio/synth-risset": {
      "resolved": "packages/synth-risset",
      "link": true
    },
    "node_modules/@audio/synth-sfx": {
      "resolved": "packages/synth-sfx",
      "link": true
    },
    "node_modules/@audio/synth-voice": {
      "resolved": "packages/synth-voice",
      "link": true
    },
    "node_modules/@audio/synth-wavetable": {
      "resolved": "packages/synth-wavetable",
      "link": true
    },
    "node_modules/fourier-transform": {
      "version": "2.3.0",
      "resolved": "https://registry.npmjs.org/fourier-transform/-/fourier-transform-2.3.0.tgz",
      "integrity": "sha512-+Ki9tVP1a/1R3svMxeAFOr2FEQhjFdB9szYh2I8IEAUzSUbkV5K/e4hcPVNSjonUllImheK0O/Hoy/VPby6Iig==",
      "dev": true,
      "license": "MIT"
    },
    "node_modules/periodic-function": {
      "version": "2.1.1",
      "resolved": "https://registry.npmjs.org/periodic-function/-/periodic-function-2.1.1.tgz",
      "integrity": "sha512-sO1ZJ09R3j8Kk/MJJVOuZgsF+PdGaI1W+pVpTlHuyP+ZJs9vrwN5Ovr8t2kLXD+4ylGd8W8rtmLz0mC5OFzPYA==",
      "license": "MIT"
    },
    "node_modules/tst": {
      "version": "9.4.0",
      "resolved": "https://registry.npmjs.org/tst/-/tst-9.4.0.tgz",
      "integrity": "sha512-LFC1yasMqhvL9hBJdA07nozlfS1RGy/7uiBCwRZcQH9zB4+n7XpxwYszzK//WQ2JVOLAUgU3d8ABEcrFLZE0vg==",
      "dev": true,
      "license": "MIT"
    },
    "packages/synth-chirp": {
      "name": "@audio/synth-chirp",
      "version": "1.1.2",
      "license": "MIT",
      "engines": {
        "node": ">=18"
      }
    },
    "packages/synth-drum": {
      "name": "@audio/synth-drum",
      "version": "1.1.2",
      "license": "MIT",
      "engines": {
        "node": ">=18"
      }
    },
    "packages/synth-dtmf": {
      "name": "@audio/synth-dtmf",
      "version": "1.0.0",
      "license": "MIT",
      "engines": {
        "node": ">=18"
      }
    },
    "packages/synth-envelope": {
      "name": "@audio/synth-envelope",
      "version": "1.1.2",
      "license": "MIT",
      "engines": {
        "node": ">=18"
      }
    },
    "packages/synth-fm": {
      "name": "@audio/synth-fm",
      "version": "0.1.0",
      "license": "MIT",
      "engines": {
        "node": ">=18"
      }
    },
    "packages/synth-lfo": {
      "name": "@audio/synth-lfo",
      "version": "1.0.0",
      "license": "MIT",
      "engines": {
        "node": ">=18"
      }
    },
    "packages/synth-modal": {
      "name": "@audio/synth-modal",
      "version": "0.1.0",
      "license": "MIT",
      "engines": {
        "node": ">=18"
      }
    },
    "packages/synth-noise": {
      "name": "@audio/synth-noise",
      "version": "1.1.2",
      "license": "MIT",
      "engines": {
        "node": ">=18"
      }
    },
    "packages/synth-osc": {
      "name": "@audio/synth-osc",
      "version": "1.0.3",
      "license": "MIT",
      "dependencies": {
        "periodic-function": "^2.1.0"
      },
      "engines": {
        "node": ">=18"
      }
    },
    "packages/synth-pluck": {
      "name": "@audio/synth-pluck",
      "version": "1.1.2",
      "license": "MIT",
      "engines": {
        "node": ">=18"
      }
    },
    "packages/synth-poly": {
      "name": "@audio/synth-poly",
      "version": "1.1.1",
      "license": "MIT",
      "dependencies": {
        "@audio/synth-voice": "^1.1.0"
      },
      "engines": {
        "node": ">=18"
      }
    },
    "packages/synth-rhythm": {
      "name": "@audio/synth-rhythm",
      "version": "1.1.2",
      "license": "MIT",
      "engines": {
        "node": ">=18"
      }
    },
    "packages/synth-risset": {
      "name": "@audio/synth-risset",
      "version": "1.1.2",
      "license": "MIT",
      "engines": {
        "node": ">=18"
      }
    },
    "packages/synth-sfx": {
      "name": "@audio/synth-sfx",
      "version": "1.1.2",
      "license": "MIT",
      "engines": {
        "node": ">=18"
      }
    },
    "packages/synth-voice": {
      "name": "@audio/synth-voice",
      "version": "1.1.1",
      "license": "MIT",
      "dependencies": {
        "@audio/synth-envelope": "^1.0.0",
        "@audio/synth-osc": "^1.0.0"
      },
      "engines": {
        "node": ">=18"
      }
    },
    "packages/synth-wavetable": {
      "name": "@audio/synth-wavetable",
      "version": "1.0.0",
      "license": "MIT",
      "engines": {
        "node": ">=18"
      }
    }
  }
}
